
Microsoft Visual Studio Solution File, Format Version 12.00
# Visual Studio Version 17
VisualStudioVersion = 17.10.35013.160
MinimumVisualStudioVersion = 10.0.40219.1
Project("{FAE04EC0-301F-11D3-BF4B-00C04F79EFBC}") = "WebAPI", "WebAPI\WebAPI.csproj", "{ED4978A5-F5D7-42DF-99F3-BBFDF2CF71BC}"
EndProject
Global
	GlobalSection(SolutionConfigurationPlatforms) = preSolution
		Debug|Any CPU = Debug|Any CPU
		Release|Any CPU = Release|Any CPU
	EndGlobalSection
	GlobalSection(ProjectConfigurationPlatforms) = postSolution
		{ED4978A5-F5D7-42DF-99F3-BBFDF2CF71BC}.Debug|Any CPU.ActiveCfg = Debug|Any CPU
		{ED4978A5-F5D7-42DF-99F3-BBFDF2CF71BC}.Debug|Any CPU.Build.0 = Debug|Any CPU
		{ED4978A5-F5D7-42DF-99F3-BBFDF2CF71BC}.Release|Any CPU.ActiveCfg = Release|Any CPU
		{ED4978A5-F5D7-42DF-99F3-BBFDF2CF71BC}.Release|Any CPU.Build.0 = Release|Any CPU
	EndGlobalSection
	GlobalSection(SolutionProperties) = preSolution
		HideSolutionNode = FALSE
	EndGlobalSection
	GlobalSection(ExtensibilityGlobals) = postSolution
		SolutionGuid = {C7DFDB6F-34D4-4F19-A311-93C982BE5EC5}
	EndGlobalSection
EndGlobal
